
Microsoft Visual Studio Solution File, Format Version 12.00
# Visual Studio 2013
VisualStudioVersion = 12.0.31101.0
MinimumVisualStudioVersion = 10.0.40219.1
Project("{262852C6-CD72-467D-83FE-5EEB1973A190}") = "VirtualTeacher", "VirtualTeacher\VirtualTeacher.jsproj", "{EF11A19F-5689-4FDA-8378-043D8FE3903E}"
EndProject
Global
	GlobalSection(SolutionConfigurationPlatforms) = preSolution
		Debug|Android = Debug|Android
		Debug|iOS = Debug|iOS
		Debug|Windows Phone (Universal) = Debug|Windows Phone (Universal)
		Debug|Windows Phone 8 = Debug|Windows Phone 8
		Debug|Windows-AnyCPU = Debug|Windows-AnyCPU
		Debug|Windows-ARM = Debug|Windows-ARM
		Debug|Windows-x64 = Debug|Windows-x64
		Debug|Windows-x86 = Debug|Windows-x86
		Distribution|Android = Distribution|Android
		Distribution|iOS = Distribution|iOS
		Distribution|Windows Phone (Universal) = Distribution|Windows Phone (Universal)
		Distribution|Windows Phone 8 = Distribution|Windows Phone 8
		Distribution|Windows-AnyCPU = Distribution|Windows-AnyCPU
		Distribution|Windows-ARM = Distribution|Windows-ARM
		Distribution|Windows-x64 = Distribution|Windows-x64
		Distribution|Windows-x86 = Distribution|Windows-x86
		Release|Android = Release|Android
		Release|iOS = Release|iOS
		Release|Windows Phone (Universal) = Release|Windows Phone (Universal)
		Release|Windows Phone 8 = Release|Windows Phone 8
		Release|Windows-AnyCPU = Release|Windows-AnyCPU
		Release|Windows-ARM = Release|Windows-ARM
		Release|Windows-x64 = Release|Windows-x64
		Release|Windows-x86 = Release|Windows-x86
	EndGlobalSection
	GlobalSection(ProjectConfigurationPlatforms) = postSolution
		{EF11A19F-5689-4FDA-8378-043D8FE3903E}.Debug|Android.ActiveCfg = Debug|Android
		{EF11A19F-5689-4FDA-8378-043D8FE3903E}.Debug|Android.Build.0 = Debug|Android
		{EF11A19F-5689-4FDA-8378-043D8FE3903E}.Debug|Android.Deploy.0 = Debug|Android
		{EF11A19F-5689-4FDA-8378-043D8FE3903E}.Debug|iOS.ActiveCfg = Debug|iOS
		{EF11A19F-5689-4FDA-8378-043D8FE3903E}.Debug|iOS.Build.0 = Debug|iOS
		{EF11A19F-5689-4FDA-8378-043D8FE3903E}.Debug|iOS.Deploy.0 = Debug|iOS
		{EF11A19F-5689-4FDA-8378-043D8FE3903E}.Debug|Windows Phone (Universal).ActiveCfg = Debug|Windows Phone (Universal)
		{EF11A19F-5689-4FDA-8378-043D8FE3903E}.Debug|Windows Phone (Universal).Build.0 = Debug|Windows Phone (Universal)
		{EF11A19F-5689-4FDA-8378-043D8FE3903E}.Debug|Windows Phone (Universal).Deploy.0 = Debug|Windows Phone (Universal)
		{EF11A19F-5689-4FDA-8378-043D8FE3903E}.Debug|Windows Phone 8.ActiveCfg = Debug|Windows Phone 8
		{EF11A19F-5689-4FDA-8378-043D8FE3903E}.Debug|Windows Phone 8.Build.0 = Debug|Windows Phone 8
		{EF11A19F-5689-4FDA-8378-043D8FE3903E}.Debug|Windows Phone 8.Deploy.0 = Debug|Windows Phone 8
		{EF11A19F-5689-4FDA-8378-043D8FE3903E}.Debug|Windows-AnyCPU.ActiveCfg = Debug|Windows-AnyCPU
		{EF11A19F-5689-4FDA-8378-043D8FE3903E}.Debug|Windows-AnyCPU.Build.0 = Debug|Windows-AnyCPU
		{EF11A19F-5689-4FDA-8378-043D8FE3903E}.Debug|Windows-AnyCPU.Deploy.0 = Debug|Windows-AnyCPU
		{EF11A19F-5689-4FDA-8378-043D8FE3903E}.Debug|Windows-ARM.ActiveCfg = Debug|Windows-ARM
		{EF11A19F-5689-4FDA-8378-043D8FE3903E}.Debug|Windows-ARM.Build.0 = Debug|Windows-ARM
		{EF11A19F-5689-4FDA-8378-043D8FE3903E}.Debug|Windows-ARM.Deploy.0 = Debug|Windows-ARM
		{EF11A19F-5689-4FDA-8378-043D8FE3903E}.Debug|Windows-x64.ActiveCfg = Debug|Windows-x64
		{EF11A19F-5689-4FDA-8378-043D8FE3903E}.Debug|Windows-x64.Build.0 = Debug|Windows-x64
		{EF11A19F-5689-4FDA-8378-043D8FE3903E}.Debug|Windows-x64.Deploy.0 = Debug|Windows-x64
		{EF11A19F-5689-4FDA-8378-043D8FE3903E}.Debug|Windows-x86.ActiveCfg = Debug|Windows-x86
		{EF11A19F-5689-4FDA-8378-043D8FE3903E}.Debug|Windows-x86.Build.0 = Debug|Windows-x86
		{EF11A19F-5689-4FDA-8378-043D8FE3903E}.Debug|Windows-x86.Deploy.0 = Debug|Windows-x86
		{EF11A19F-5689-4FDA-8378-043D8FE3903E}.Distribution|Android.ActiveCfg = Distribution|Android
		{EF11A19F-5689-4FDA-8378-043D8FE3903E}.Distribution|Android.Build.0 = Distribution|Android
		{EF11A19F-5689-4FDA-8378-043D8FE3903E}.Distribution|Android.Deploy.0 = Distribution|Android
		{EF11A19F-5689-4FDA-8378-043D8FE3903E}.Distribution|iOS.ActiveCfg = Distribution|iOS
		{EF11A19F-5689-4FDA-8378-043D8FE3903E}.Distribution|iOS.Build.0 = Distribution|iOS
		{EF11A19F-5689-4FDA-8378-043D8FE3903E}.Distribution|iOS.Deploy.0 = Distribution|iOS
		{EF11A19F-5689-4FDA-8378-043D8FE3903E}.Distribution|Windows Phone (Universal).ActiveCfg = Distribution|Windows Phone (Universal)
		{EF11A19F-5689-4FDA-8378-043D8FE3903E}.Distribution|Windows Phone (Universal).Build.0 = Distribution|Windows Phone (Universal)
		{EF11A19F-5689-4FDA-8378-043D8FE3903E}.Distribution|Windows Phone (Universal).Deploy.0 = Distribution|Windows Phone (Universal)
		{EF11A19F-5689-4FDA-8378-043D8FE3903E}.Distribution|Windows Phone 8.ActiveCfg = Distribution|Windows Phone 8
		{EF11A19F-5689-4FDA-8378-043D8FE3903E}.Distribution|Windows Phone 8.Build.0 = Distribution|Windows Phone 8
		{EF11A19F-5689-4FDA-8378-043D8FE3903E}.Distribution|Windows Phone 8.Deploy.0 = Distribution|Windows Phone 8
		{EF11A19F-5689-4FDA-8378-043D8FE3903E}.Distribution|Windows-AnyCPU.ActiveCfg = Distribution|Windows-AnyCPU
		{EF11A19F-5689-4FDA-8378-043D8FE3903E}.Distribution|Windows-AnyCPU.Build.0 = Distribution|Windows-AnyCPU
		{EF11A19F-5689-4FDA-8378-043D8FE3903E}.Distribution|Windows-AnyCPU.Deploy.0 = Distribution|Windows-AnyCPU
		{EF11A19F-5689-4FDA-8378-043D8FE3903E}.Distribution|Windows-ARM.ActiveCfg = Distribution|Windows-ARM
		{EF11A19F-5689-4FDA-8378-043D8FE3903E}.Distribution|Windows-ARM.Build.0 = Distribution|Windows-ARM
		{EF11A19F-5689-4FDA-8378-043D8FE3903E}.Distribution|Windows-ARM.Deploy.0 = Distribution|Windows-ARM
		{EF11A19F-5689-4FDA-8378-043D8FE3903E}.Distribution|Windows-x64.ActiveCfg = Distribution|Windows-x64
		{EF11A19F-5689-4FDA-8378-043D8FE3903E}.Distribution|Windows-x64.Build.0 = Distribution|Windows-x64
		{EF11A19F-5689-4FDA-8378-043D8FE3903E}.Distribution|Windows-x64.Deploy.0 = Distribution|Windows-x64
		{EF11A19F-5689-4FDA-8378-043D8FE3903E}.Distribution|Windows-x86.ActiveCfg = Distribution|Windows-x86
		{EF11A19F-5689-4FDA-8378-043D8FE3903E}.Distribution|Windows-x86.Build.0 = Distribution|Windows-x86
		{EF11A19F-5689-4FDA-8378-043D8FE3903E}.Distribution|Windows-x86.Deploy.0 = Distribution|Windows-x86
		{EF11A19F-5689-4FDA-8378-043D8FE3903E}.Release|Android.ActiveCfg = Release|Android
		{EF11A19F-5689-4FDA-8378-043D8FE3903E}.Release|Android.Build.0 = Release|Android
		{EF11A19F-5689-4FDA-8378-043D8FE3903E}.Release|Android.Deploy.0 = Release|Android
		{EF11A19F-5689-4FDA-8378-043D8FE3903E}.Release|iOS.ActiveCfg = Release|iOS
		{EF11A19F-5689-4FDA-8378-043D8FE3903E}.Release|iOS.Build.0 = Release|iOS
		{EF11A19F-5689-4FDA-8378-043D8FE3903E}.Release|iOS.Deploy.0 = Release|iOS
		{EF11A19F-5689-4FDA-8378-043D8FE3903E}.Release|Windows Phone (Universal).ActiveCfg = Release|Windows Phone (Universal)
		{EF11A19F-5689-4FDA-8378-043D8FE3903E}.Release|Windows Phone (Universal).Build.0 = Release|Windows Phone (Universal)
		{EF11A19F-5689-4FDA-8378-043D8FE3903E}.Release|Windows Phone (Universal).Deploy.0 = Release|Windows Phone (Universal)
		{EF11A19F-5689-4FDA-8378-043D8FE3903E}.Release|Windows Phone 8.ActiveCfg = Release|Windows Phone 8
		{EF11A19F-5689-4FDA-8378-043D8FE3903E}.Release|Windows Phone 8.Build.0 = Release|Windows Phone 8
		{EF11A19F-5689-4FDA-8378-043D8FE3903E}.Release|Windows Phone 8.Deploy.0 = Release|Windows Phone 8
		{EF11A19F-5689-4FDA-8378-043D8FE3903E}.Release|Windows-AnyCPU.ActiveCfg = Release|Windows-AnyCPU
		{EF11A19F-5689-4FDA-8378-043D8FE3903E}.Release|Windows-AnyCPU.Build.0 = Release|Windows-AnyCPU
		{EF11A19F-5689-4FDA-8378-043D8FE3903E}.Release|Windows-AnyCPU.Deploy.0 = Release|Windows-AnyCPU
		{EF11A19F-5689-4FDA-8378-043D8FE3903E}.Release|Windows-ARM.ActiveCfg = Release|Windows-ARM
		{EF11A19F-5689-4FDA-8378-043D8FE3903E}.Release|Windows-ARM.Build.0 = Release|Windows-ARM
		{EF11A19F-5689-4FDA-8378-043D8FE3903E}.Release|Windows-ARM.Deploy.0 = Release|Windows-ARM
		{EF11A19F-5689-4FDA-8378-043D8FE3903E}.Release|Windows-x64.ActiveCfg = Release|Windows-x64
		{EF11A19F-5689-4FDA-8378-043D8FE3903E}.Release|Windows-x64.Build.0 = Release|Windows-x64
		{EF11A19F-5689-4FDA-8378-043D8FE3903E}.Release|Windows-x64.Deploy.0 = Release|Windows-x64
		{EF11A19F-5689-4FDA-8378-043D8FE3903E}.Release|Windows-x86.ActiveCfg = Release|Windows-x86
		{EF11A19F-5689-4FDA-8378-043D8FE3903E}.Release|Windows-x86.Build.0 = Release|Windows-x86
		{EF11A19F-5689-4FDA-8378-043D8FE3903E}.Release|Windows-x86.Deploy.0 = Release|Windows-x86
	EndGlobalSection
	GlobalSection(SolutionProperties) = preSolution
		HideSolutionNode = FALSE
	EndGlobalSection
EndGlobal
